
Microsoft Visual Studio Solution File, Format Version 12.00
# Visual Studio Version 16
VisualStudioVersion = 16.0.28527.54
MinimumVisualStudioVersion = 10.0.40219.1
Project("{9A19103F-16F7-4668-BE54-9A1E7A4F7556}") = "eon.core.level-0", "..\eon.core.level-0\eon.core.level-0.csproj", "{9A50E315-F125-4B43-9040-D55A9BD642BB}"
EndProject
Project("{9A19103F-16F7-4668-BE54-9A1E7A4F7556}") = "eon.xresource", "..\eon.xresource\eon.xresource.csproj", "{EDE7C30C-60B0-4E63-B333-14B6F3FA9DF6}"
EndProject
Project("{9A19103F-16F7-4668-BE54-9A1E7A4F7556}") = "eon.xml-schema", "..\eon.xml-schema\eon.xml-schema.csproj", "{3C6F23DD-E19A-44C1-B125-B1D12F77CB3D}"
EndProject
Project("{9A19103F-16F7-4668-BE54-9A1E7A4F7556}") = "eon.core.level-1", "..\eon.core.level-1\eon.core.level-1.csproj", "{968B273C-B5A0-441C-8790-2284674409AD}"
EndProject
Project("{9A19103F-16F7-4668-BE54-9A1E7A4F7556}") = "eon.annotations", "..\eon.annotations\eon.annotations.csproj", "{DDDD2B6E-1906-4CFA-B23F-E7DEB78026FE}"
EndProject
Project("{9A19103F-16F7-4668-BE54-9A1E7A4F7556}") = "eon.component-model.dependencies", "..\eon.component-model.dependencies\eon.component-model.dependencies.csproj", "{5F7949C2-2CDC-4FDD-9545-FB37AF743E56}"
EndProject
Project("{9A19103F-16F7-4668-BE54-9A1E7A4F7556}") = "eon.component-model.dependencies.abstractions", "..\eon.component-model.dependencies.abstractions\eon.component-model.dependencies.abstractions.csproj", "{2CD6ECB3-36F5-411C-ADFC-8E8AEB79FCE6}"
EndProject
Project("{9A19103F-16F7-4668-BE54-9A1E7A4F7556}") = "eon.component-model.dependencies.xinstance", "..\eon.component-model.dependencies.xinstance\eon.component-model.dependencies.xinstance.csproj", "{1AD65365-D1DA-424B-ADEF-549E6CF91220}"
EndProject
Project("{9A19103F-16F7-4668-BE54-9A1E7A4F7556}") = "eon.component-model.properties", "..\eon.component-model.properties\eon.component-model.properties.csproj", "{F5ECFE66-CF38-4878-87C5-9EBD1D90A229}"
EndProject
Project("{9A19103F-16F7-4668-BE54-9A1E7A4F7556}") = "eon.component-model.properties.annotations", "..\eon.component-model.properties.annotations\eon.component-model.properties.annotations.csproj", "{D0DDD8AD-4FE5-4D69-A987-E441EE719720}"
EndProject
Project("{9A19103F-16F7-4668-BE54-9A1E7A4F7556}") = "eon.component-model.run-control", "..\eon.component-model.run-control\eon.component-model.run-control.csproj", "{C9B6EEA2-740A-405F-B6BF-620D707F279E}"
EndProject
Project("{9A19103F-16F7-4668-BE54-9A1E7A4F7556}") = "eon.core.level-2", "..\eon.core.level-2\eon.core.level-2.csproj", "{1AEC8EF0-40BE-4A16-AE4C-1C25F9FB763A}"
EndProject
Project("{9A19103F-16F7-4668-BE54-9A1E7A4F7556}") = "eon.data", "..\eon.data\eon.data.csproj", "{3EB906C7-781A-4663-AE6D-E7C1F4528C66}"
EndProject
Project("{9A19103F-16F7-4668-BE54-9A1E7A4F7556}") = "eon.data.data-context", "..\eon.data.data-context\eon.data.data-context.csproj", "{85792EAD-DD3C-44DB-A94A-EDD38162874E}"
EndProject
Project("{9A19103F-16F7-4668-BE54-9A1E7A4F7556}") = "eon.data.filters", "..\eon.data.filters\eon.data.filters.csproj", "{FB3FAD60-0F87-4C92-936E-5E1D829F8DA6}"
EndProject
Project("{9A19103F-16F7-4668-BE54-9A1E7A4F7556}") = "eon.data.persistence", "..\eon.data.persistence\eon.data.persistence.csproj", "{B3A81DE1-372C-4C73-977B-CFA1E06CD41B}"
EndProject
Project("{9A19103F-16F7-4668-BE54-9A1E7A4F7556}") = "eon.data.persistence.ef-core", "..\eon.data.persistence.ef-core\eon.data.persistence.ef-core.csproj", "{586AE985-C305-4B48-AA89-82EEEDD2BA11}"
EndProject
Project("{9A19103F-16F7-4668-BE54-9A1E7A4F7556}") = "eon.data.persistence.reference-key-provider", "..\eon.data.persistence.reference-key-provider\eon.data.persistence.reference-key-provider.csproj", "{AC74B1B9-C59F-469D-98F7-8CE7D9F896D5}"
EndProject
Project("{9A19103F-16F7-4668-BE54-9A1E7A4F7556}") = "eon.data.persistence.reference-key-provider.npgsql", "..\eon.data.persistence.reference-key-provider.npgsql\eon.data.persistence.reference-key-provider.npgsql.csproj", "{BEAD10A9-220C-467D-8E23-4FE1ED70C8AF}"
EndProject
Project("{9A19103F-16F7-4668-BE54-9A1E7A4F7556}") = "eon.data.storage.abstractions", "..\eon.data.storage.abstractions\eon.data.storage.abstractions.csproj", "{2DB23FA2-59D5-4057-B119-AABBEB6A05CD}"
EndProject
Project("{9A19103F-16F7-4668-BE54-9A1E7A4F7556}") = "eon.data.storage.npgsql", "..\eon.data.storage.npgsql\eon.data.storage.npgsql.csproj", "{B0EE4AC1-5080-4C32-B0A5-000B1DC0CA6A}"
EndProject
Project("{9A19103F-16F7-4668-BE54-9A1E7A4F7556}") = "eon.data.type-system", "..\eon.data.type-system\eon.data.type-system.csproj", "{63CBAA22-B792-411C-9DF3-520BB3BDDA50}"
EndProject
Project("{9A19103F-16F7-4668-BE54-9A1E7A4F7556}") = "eon.data.xinstance", "..\eon.data.xinstance\eon.data.xinstance.csproj", "{D50B8D31-1DC8-4779-9AAA-7A773F345E9A}"
EndProject
Project("{9A19103F-16F7-4668-BE54-9A1E7A4F7556}") = "eon.description-package", "..\eon.description-package\eon.description-package.csproj", "{E40E04F1-95D6-448E-827E-F725FA52957D}"
EndProject
Project("{9A19103F-16F7-4668-BE54-9A1E7A4F7556}") = "eon.diagnostics", "..\eon.diagnostics\eon.diagnostics.csproj", "{B861769A-32B3-4644-B182-5827643F79AE}"
EndProject
Project("{9A19103F-16F7-4668-BE54-9A1E7A4F7556}") = "eon.disposable", "..\eon.disposable\eon.disposable.csproj", "{C261FA0F-D18A-4CBD-BC5D-480784A91A03}"
EndProject
Project("{9A19103F-16F7-4668-BE54-9A1E7A4F7556}") = "eon.ef-core", "..\eon.ef-core\eon.ef-core.csproj", "{966FD04C-F2BE-41C3-B2DE-CA98B5A76D5E}"
EndProject
Project("{9A19103F-16F7-4668-BE54-9A1E7A4F7556}") = "eon.interaction.primitives", "..\eon.interaction.primitives\eon.interaction.primitives.csproj", "{AD61E0E7-4251-4078-BEC6-784AB15A1F13}"
EndProject
Project("{9A19103F-16F7-4668-BE54-9A1E7A4F7556}") = "eon.io.abstractions", "..\eon.io.abstractions\eon.io.abstractions.csproj", "{DB8EA059-4E53-4924-8206-6FA7D6BBADDA}"
EndProject
Project("{9A19103F-16F7-4668-BE54-9A1E7A4F7556}") = "eon.io.context", "..\eon.io.context\eon.io.context.csproj", "{E11E932E-B0FB-48DD-9FDE-2D487BDE21E0}"
EndProject
Project("{9A19103F-16F7-4668-BE54-9A1E7A4F7556}") = "eon.io.subject-materializer", "..\eon.io.subject-materializer\eon.io.subject-materializer.csproj", "{DC699A4E-E31D-4F55-B936-CCF5D894DC5A}"
EndProject
Project("{9A19103F-16F7-4668-BE54-9A1E7A4F7556}") = "eon.json", "..\eon.json\eon.json.csproj", "{775BC113-DB33-4A27-B372-3F3D237B41B5}"
EndProject
Project("{9A19103F-16F7-4668-BE54-9A1E7A4F7556}") = "eon.linq", "..\eon.linq\eon.linq.csproj", "{47AF5578-80EF-4DB3-944F-9B95BEDD082A}"
EndProject
Project("{9A19103F-16F7-4668-BE54-9A1E7A4F7556}") = "eon.message-flow.local.abstractions", "..\eon.message-flow.local.abstractions\eon.message-flow.local.abstractions.csproj", "{2FE03B8C-1589-4F34-8DC1-B2055A45FCF0}"
EndProject
Project("{9A19103F-16F7-4668-BE54-9A1E7A4F7556}") = "eon.metadata", "..\eon.metadata\eon.metadata.csproj", "{5DEDDA0D-8F51-4942-9016-CD46C725F957}"
EndProject
Project("{9A19103F-16F7-4668-BE54-9A1E7A4F7556}") = "eon.net.http.abstractions", "..\eon.net.http.abstractions\eon.net.http.abstractions.csproj", "{02A5A63A-B72F-4D61-A19F-9301232FA006}"
EndProject
Project("{9A19103F-16F7-4668-BE54-9A1E7A4F7556}") = "eon.num-generator", "..\eon.num-generator\eon.num-generator.csproj", "{44830639-2BD8-4B66-B67A-829C6C6C737F}"
EndProject
Project("{9A19103F-16F7-4668-BE54-9A1E7A4F7556}") = "eon.pooling.pool", "..\eon.pooling.pool\eon.pooling.pool.csproj", "{CC0C890C-D039-4A53-937D-9AD594E55152}"
EndProject
Project("{9A19103F-16F7-4668-BE54-9A1E7A4F7556}") = "eon.pooling.leasable", "..\eon.pooling.leasable\eon.pooling.leasable.csproj", "{82FAB00D-7042-44BA-93F8-64598385CF65}"
EndProject
Project("{9A19103F-16F7-4668-BE54-9A1E7A4F7556}") = "eon.read-only-scope", "..\eon.read-only-scope\eon.read-only-scope.csproj", "{D1362FB8-4F63-4D05-8304-1BF0EB41801D}"
EndProject
Project("{9A19103F-16F7-4668-BE54-9A1E7A4F7556}") = "eon.runtime.provider.abstractions", "..\eon.runtime.provider.abstractions\eon.runtime.provider.abstractions.csproj", "{81F6C5D2-B36A-44F8-8B84-FB2867705F32}"
EndProject
Project("{9A19103F-16F7-4668-BE54-9A1E7A4F7556}") = "eon.runtime.serialization.abstractions", "..\eon.runtime.serialization.abstractions\eon.runtime.serialization.abstractions.csproj", "{73453D5F-FF97-41BD-B0CF-3FACFE852C62}"
EndProject
Project("{9A19103F-16F7-4668-BE54-9A1E7A4F7556}") = "eon.security.cryptography.abstractions", "..\eon.security.cryptography.abstractions\eon.security.cryptography.abstractions.csproj", "{B0DD4A03-384A-450E-AF41-880497DFEAF8}"
EndProject
Project("{9A19103F-16F7-4668-BE54-9A1E7A4F7556}") = "eon.tx", "..\eon.tx\eon.tx.csproj", "{CC7EF199-C28D-4909-BB7D-2DF84F8DA173}"
EndProject
Project("{9A19103F-16F7-4668-BE54-9A1E7A4F7556}") = "eon.uri", "..\eon.uri\eon.uri.csproj", "{BFE44E87-91C7-4DFF-84F5-2541AD71C07F}"
EndProject
Project("{9A19103F-16F7-4668-BE54-9A1E7A4F7556}") = "eon.xapp", "..\eon.xapp\eon.xapp.csproj", "{F82483B6-B789-4570-B352-7C91CFEE5EA4}"
EndProject
Project("{9A19103F-16F7-4668-BE54-9A1E7A4F7556}") = "eon.xapp.abstractions", "..\eon.xapp.abstractions\eon.xapp.abstractions.csproj", "{E048C72D-793E-49AA-AAEE-6CA20C6283D3}"
EndProject
Project("{9A19103F-16F7-4668-BE54-9A1E7A4F7556}") = "eon.xinstance", "..\eon.xinstance\eon.xinstance.csproj", "{1DDAD3CF-F9D9-4977-BEAC-804DAB94AB48}"
EndProject
Project("{9A19103F-16F7-4668-BE54-9A1E7A4F7556}") = "eon.xinstance.factory", "..\eon.xinstance.factory\eon.xinstance.factory.csproj", "{3FBDA7E7-C1D7-4E9E-A046-6ADB94AFD607}"
EndProject
Project("{9A19103F-16F7-4668-BE54-9A1E7A4F7556}") = "eon.xml", "..\eon.xml\eon.xml.csproj", "{3D0A0F2F-0DED-4F6D-8555-98E5A6E2845A}"
EndProject
Project("{9A19103F-16F7-4668-BE54-9A1E7A4F7556}") = "eon.message-flow.local", "..\eon.message-flow.local\eon.message-flow.local.csproj", "{D0DD804C-B453-4FFC-97BE-7D6340DDCAA8}"
EndProject
Project("{9A19103F-16F7-4668-BE54-9A1E7A4F7556}") = "eon.message-flow.local.xinstance", "..\eon.message-flow.local.xinstance\eon.message-flow.local.xinstance.csproj", "{EE5F06D4-2047-46E7-A96A-1E03D230EDAA}"
EndProject
Project("{9A19103F-16F7-4668-BE54-9A1E7A4F7556}") = "eon.xapp-scope-instance", "..\eon.xapp-scope-instance\eon.xapp-scope-instance.csproj", "{BB49CEA9-AC93-4B29-9CE7-4EC98B08B61A}"
EndProject
Project("{9A19103F-16F7-4668-BE54-9A1E7A4F7556}") = "eon.activation-servant", "..\eon.activation-servant\eon.activation-servant.csproj", "{4CAB65ED-2D2E-47B3-9765-54C040FB1BC3}"
EndProject
Project("{9A19103F-16F7-4668-BE54-9A1E7A4F7556}") = "eon.reset-servant", "..\eon.reset-servant\eon.reset-servant.csproj", "{E4AEB97B-ADEF-4B05-91D1-EF6AC50F24C3}"
EndProject
Project("{9A19103F-16F7-4668-BE54-9A1E7A4F7556}") = "eon.triggers.abstractions", "..\eon.triggers.abstractions\eon.triggers.abstractions.csproj", "{627696C2-B933-42F8-A03E-C6CDA78D867B}"
EndProject
Project("{9A19103F-16F7-4668-BE54-9A1E7A4F7556}") = "eon.triggers.xinstance", "..\eon.triggers.xinstance\eon.triggers.xinstance.csproj", "{E87F59A7-A98E-411E-B5E7-FE616F938727}"
EndProject
Project("{9A19103F-16F7-4668-BE54-9A1E7A4F7556}") = "eon.xapp-container", "..\eon.xapp-container\eon.xapp-container.csproj", "{BAF329E6-52BA-4198-8868-D3E1BA4FA8C3}"
EndProject
Project("{9A19103F-16F7-4668-BE54-9A1E7A4F7556}") = "eon.async-operator", "..\eon.async-operator\eon.async-operator.csproj", "{5FB5E4FE-3BF7-405F-A0FE-3786688EF867}"
EndProject
Project("{9A19103F-16F7-4668-BE54-9A1E7A4F7556}") = "eon.description-package.abstractions", "..\eon.description-package.abstractions\eon.description-package.abstractions.csproj", "{9AA8D9A2-1EA5-4516-AB83-046690082A19}"
EndProject
Project("{9A19103F-16F7-4668-BE54-9A1E7A4F7556}") = "eon.prochost", "..\eon.prochost\eon.prochost.csproj", "{883D78FC-088C-4826-A7CA-12E96FE14B27}"
EndProject
Project("{9A19103F-16F7-4668-BE54-9A1E7A4F7556}") = "eon.hosting.default", "..\eon.hosting.default\eon.hosting.default.csproj", "{2127AA0C-CCA7-4601-857F-218A445D2C59}"
EndProject
Project("{9A19103F-16F7-4668-BE54-9A1E7A4F7556}") = "eon.extensions.options", "..\eon.extensions.options\eon.extensions.options.csproj", "{68E8CB75-C75F-4138-9956-6C0D61D5187E}"
EndProject
Project("{9A19103F-16F7-4668-BE54-9A1E7A4F7556}") = "eon.extensions.configuration", "..\eon.extensions.configuration\eon.extensions.configuration.csproj", "{578A90F4-4733-4F6E-9F61-D9CD175531B2}"
EndProject
Project("{9A19103F-16F7-4668-BE54-9A1E7A4F7556}") = "eon.data.storage.mssql", "..\eon.data.storage.mssql\eon.data.storage.mssql.csproj", "{FD3408D8-D80E-4590-A814-05F16EF73F69}"
EndProject
Project("{9A19103F-16F7-4668-BE54-9A1E7A4F7556}") = "eon.mathematics", "..\eon.mathematics\eon.mathematics.csproj", "{6BFF35A0-D752-45F3-A4D6-83AB4E08043D}"
EndProject
Project("{9A19103F-16F7-4668-BE54-9A1E7A4F7556}") = "eon.threading.primitives", "..\eon.threading.primitives\eon.threading.primitives.csproj", "{E7D40A91-4A44-4D59-BCD1-F79BFB010B27}"
EndProject
Project("{2150E333-8FDC-42A3-9474-1A3956D46DE8}") = "ci", "ci", "{CB91343B-2543-40A7-8B62-0FE2733FFD0D}"
	ProjectSection(SolutionItems) = preProject
		..\..\version.props = ..\..\version.props
	EndProjectSection
EndProject
Global
	GlobalSection(SolutionConfigurationPlatforms) = preSolution
		Debug|Any CPU = Debug|Any CPU
		Release|Any CPU = Release|Any CPU
	EndGlobalSection
	GlobalSection(ProjectConfigurationPlatforms) = postSolution
		{9A50E315-F125-4B43-9040-D55A9BD642BB}.Debug|Any CPU.ActiveCfg = Debug|Any CPU
		{9A50E315-F125-4B43-9040-D55A9BD642BB}.Debug|Any CPU.Build.0 = Debug|Any CPU
		{9A50E315-F125-4B43-9040-D55A9BD642BB}.Release|Any CPU.ActiveCfg = Release|Any CPU
		{9A50E315-F125-4B43-9040-D55A9BD642BB}.Release|Any CPU.Build.0 = Release|Any CPU
		{EDE7C30C-60B0-4E63-B333-14B6F3FA9DF6}.Debug|Any CPU.ActiveCfg = Debug|Any CPU
		{EDE7C30C-60B0-4E63-B333-14B6F3FA9DF6}.Debug|Any CPU.Build.0 = Debug|Any CPU
		{EDE7C30C-60B0-4E63-B333-14B6F3FA9DF6}.Release|Any CPU.ActiveCfg = Release|Any CPU
		{EDE7C30C-60B0-4E63-B333-14B6F3FA9DF6}.Release|Any CPU.Build.0 = Release|Any CPU
		{3C6F23DD-E19A-44C1-B125-B1D12F77CB3D}.Debug|Any CPU.ActiveCfg = Debug|Any CPU
		{3C6F23DD-E19A-44C1-B125-B1D12F77CB3D}.Debug|Any CPU.Build.0 = Debug|Any CPU
		{3C6F23DD-E19A-44C1-B125-B1D12F77CB3D}.Release|Any CPU.ActiveCfg = Release|Any CPU
		{3C6F23DD-E19A-44C1-B125-B1D12F77CB3D}.Release|Any CPU.Build.0 = Release|Any CPU
		{968B273C-B5A0-441C-8790-2284674409AD}.Debug|Any CPU.ActiveCfg = Debug|Any CPU
		{968B273C-B5A0-441C-8790-2284674409AD}.Debug|Any CPU.Build.0 = Debug|Any CPU
		{968B273C-B5A0-441C-8790-2284674409AD}.Release|Any CPU.ActiveCfg = Release|Any CPU
		{968B273C-B5A0-441C-8790-2284674409AD}.Release|Any CPU.Build.0 = Release|Any CPU
		{DDDD2B6E-1906-4CFA-B23F-E7DEB78026FE}.Debug|Any CPU.ActiveCfg = Debug|Any CPU
		{DDDD2B6E-1906-4CFA-B23F-E7DEB78026FE}.Debug|Any CPU.Build.0 = Debug|Any CPU
		{DDDD2B6E-1906-4CFA-B23F-E7DEB78026FE}.Release|Any CPU.ActiveCfg = Release|Any CPU
		{DDDD2B6E-1906-4CFA-B23F-E7DEB78026FE}.Release|Any CPU.Build.0 = Release|Any CPU
		{5F7949C2-2CDC-4FDD-9545-FB37AF743E56}.Debug|Any CPU.ActiveCfg = Debug|Any CPU
		{5F7949C2-2CDC-4FDD-9545-FB37AF743E56}.Debug|Any CPU.Build.0 = Debug|Any CPU
		{5F7949C2-2CDC-4FDD-9545-FB37AF743E56}.Release|Any CPU.ActiveCfg = Release|Any CPU
		{5F7949C2-2CDC-4FDD-9545-FB37AF743E56}.Release|Any CPU.Build.0 = Release|Any CPU
		{2CD6ECB3-36F5-411C-ADFC-8E8AEB79FCE6}.Debug|Any CPU.ActiveCfg = Debug|Any CPU
		{2CD6ECB3-36F5-411C-ADFC-8E8AEB79FCE6}.Debug|Any CPU.Build.0 = Debug|Any CPU
		{2CD6ECB3-36F5-411C-ADFC-8E8AEB79FCE6}.Release|Any CPU.ActiveCfg = Release|Any CPU
		{2CD6ECB3-36F5-411C-ADFC-8E8AEB79FCE6}.Release|Any CPU.Build.0 = Release|Any CPU
		{1AD65365-D1DA-424B-ADEF-549E6CF91220}.Debug|Any CPU.ActiveCfg = Debug|Any CPU
		{1AD65365-D1DA-424B-ADEF-549E6CF91220}.Debug|Any CPU.Build.0 = Debug|Any CPU
		{1AD65365-D1DA-424B-ADEF-549E6CF91220}.Release|Any CPU.ActiveCfg = Release|Any CPU
		{1AD65365-D1DA-424B-ADEF-549E6CF91220}.Release|Any CPU.Build.0 = Release|Any CPU
		{F5ECFE66-CF38-4878-87C5-9EBD1D90A229}.Debug|Any CPU.ActiveCfg = Debug|Any CPU
		{F5ECFE66-CF38-4878-87C5-9EBD1D90A229}.Debug|Any CPU.Build.0 = Debug|Any CPU
		{F5ECFE66-CF38-4878-87C5-9EBD1D90A229}.Release|Any CPU.ActiveCfg = Release|Any CPU
		{F5ECFE66-CF38-4878-87C5-9EBD1D90A229}.Release|Any CPU.Build.0 = Release|Any CPU
		{D0DDD8AD-4FE5-4D69-A987-E441EE719720}.Debug|Any CPU.ActiveCfg = Debug|Any CPU
		{D0DDD8AD-4FE5-4D69-A987-E441EE719720}.Debug|Any CPU.Build.0 = Debug|Any CPU
		{D0DDD8AD-4FE5-4D69-A987-E441EE719720}.Release|Any CPU.ActiveCfg = Release|Any CPU
		{D0DDD8AD-4FE5-4D69-A987-E441EE719720}.Release|Any CPU.Build.0 = Release|Any CPU
		{C9B6EEA2-740A-405F-B6BF-620D707F279E}.Debug|Any CPU.ActiveCfg = Debug|Any CPU
		{C9B6EEA2-740A-405F-B6BF-620D707F279E}.Debug|Any CPU.Build.0 = Debug|Any CPU
		{C9B6EEA2-740A-405F-B6BF-620D707F279E}.Release|Any CPU.ActiveCfg = Release|Any CPU
		{C9B6EEA2-740A-405F-B6BF-620D707F279E}.Release|Any CPU.Build.0 = Release|Any CPU
		{1AEC8EF0-40BE-4A16-AE4C-1C25F9FB763A}.Debug|Any CPU.ActiveCfg = Debug|Any CPU
		{1AEC8EF0-40BE-4A16-AE4C-1C25F9FB763A}.Debug|Any CPU.Build.0 = Debug|Any CPU
		{1AEC8EF0-40BE-4A16-AE4C-1C25F9FB763A}.Release|Any CPU.ActiveCfg = Release|Any CPU
		{1AEC8EF0-40BE-4A16-AE4C-1C25F9FB763A}.Release|Any CPU.Build.0 = Release|Any CPU
		{3EB906C7-781A-4663-AE6D-E7C1F4528C66}.Debug|Any CPU.ActiveCfg = Debug|Any CPU
		{3EB906C7-781A-4663-AE6D-E7C1F4528C66}.Debug|Any CPU.Build.0 = Debug|Any CPU
		{3EB906C7-781A-4663-AE6D-E7C1F4528C66}.Release|Any CPU.ActiveCfg = Release|Any CPU
		{3EB906C7-781A-4663-AE6D-E7C1F4528C66}.Release|Any CPU.Build.0 = Release|Any CPU
		{85792EAD-DD3C-44DB-A94A-EDD38162874E}.Debug|Any CPU.ActiveCfg = Debug|Any CPU
		{85792EAD-DD3C-44DB-A94A-EDD38162874E}.Debug|Any CPU.Build.0 = Debug|Any CPU
		{85792EAD-DD3C-44DB-A94A-EDD38162874E}.Release|Any CPU.ActiveCfg = Release|Any CPU
		{85792EAD-DD3C-44DB-A94A-EDD38162874E}.Release|Any CPU.Build.0 = Release|Any CPU
		{FB3FAD60-0F87-4C92-936E-5E1D829F8DA6}.Debug|Any CPU.ActiveCfg = Debug|Any CPU
		{FB3FAD60-0F87-4C92-936E-5E1D829F8DA6}.Debug|Any CPU.Build.0 = Debug|Any CPU
		{FB3FAD60-0F87-4C92-936E-5E1D829F8DA6}.Release|Any CPU.ActiveCfg = Release|Any CPU
		{FB3FAD60-0F87-4C92-936E-5E1D829F8DA6}.Release|Any CPU.Build.0 = Release|Any CPU
		{B3A81DE1-372C-4C73-977B-CFA1E06CD41B}.Debug|Any CPU.ActiveCfg = Debug|Any CPU
		{B3A81DE1-372C-4C73-977B-CFA1E06CD41B}.Debug|Any CPU.Build.0 = Debug|Any CPU
		{B3A81DE1-372C-4C73-977B-CFA1E06CD41B}.Release|Any CPU.ActiveCfg = Release|Any CPU
		{B3A81DE1-372C-4C73-977B-CFA1E06CD41B}.Release|Any CPU.Build.0 = Release|Any CPU
		{586AE985-C305-4B48-AA89-82EEEDD2BA11}.Debug|Any CPU.ActiveCfg = Debug|Any CPU
		{586AE985-C305-4B48-AA89-82EEEDD2BA11}.Debug|Any CPU.Build.0 = Debug|Any CPU
		{586AE985-C305-4B48-AA89-82EEEDD2BA11}.Release|Any CPU.ActiveCfg = Release|Any CPU
		{586AE985-C305-4B48-AA89-82EEEDD2BA11}.Release|Any CPU.Build.0 = Release|Any CPU
		{AC74B1B9-C59F-469D-98F7-8CE7D9F896D5}.Debug|Any CPU.ActiveCfg = Debug|Any CPU
		{AC74B1B9-C59F-469D-98F7-8CE7D9F896D5}.Debug|Any CPU.Build.0 = Debug|Any CPU
		{AC74B1B9-C59F-469D-98F7-8CE7D9F896D5}.Release|Any CPU.ActiveCfg = Release|Any CPU
		{AC74B1B9-C59F-469D-98F7-8CE7D9F896D5}.Release|Any CPU.Build.0 = Release|Any CPU
		{BEAD10A9-220C-467D-8E23-4FE1ED70C8AF}.Debug|Any CPU.ActiveCfg = Debug|Any CPU
		{BEAD10A9-220C-467D-8E23-4FE1ED70C8AF}.Debug|Any CPU.Build.0 = Debug|Any CPU
		{BEAD10A9-220C-467D-8E23-4FE1ED70C8AF}.Release|Any CPU.ActiveCfg = Release|Any CPU
		{BEAD10A9-220C-467D-8E23-4FE1ED70C8AF}.Release|Any CPU.Build.0 = Release|Any CPU
		{2DB23FA2-59D5-4057-B119-AABBEB6A05CD}.Debug|Any CPU.ActiveCfg = Debug|Any CPU
		{2DB23FA2-59D5-4057-B119-AABBEB6A05CD}.Debug|Any CPU.Build.0 = Debug|Any CPU
		{2DB23FA2-59D5-4057-B119-AABBEB6A05CD}.Release|Any CPU.ActiveCfg = Release|Any CPU
		{2DB23FA2-59D5-4057-B119-AABBEB6A05CD}.Release|Any CPU.Build.0 = Release|Any CPU
		{B0EE4AC1-5080-4C32-B0A5-000B1DC0CA6A}.Debug|Any CPU.ActiveCfg = Debug|Any CPU
		{B0EE4AC1-5080-4C32-B0A5-000B1DC0CA6A}.Debug|Any CPU.Build.0 = Debug|Any CPU
		{B0EE4AC1-5080-4C32-B0A5-000B1DC0CA6A}.Release|Any CPU.ActiveCfg = Release|Any CPU
		{B0EE4AC1-5080-4C32-B0A5-000B1DC0CA6A}.Release|Any CPU.Build.0 = Release|Any CPU
		{63CBAA22-B792-411C-9DF3-520BB3BDDA50}.Debug|Any CPU.ActiveCfg = Debug|Any CPU
		{63CBAA22-B792-411C-9DF3-520BB3BDDA50}.Debug|Any CPU.Build.0 = Debug|Any CPU
		{63CBAA22-B792-411C-9DF3-520BB3BDDA50}.Release|Any CPU.ActiveCfg = Release|Any CPU
		{63CBAA22-B792-411C-9DF3-520BB3BDDA50}.Release|Any CPU.Build.0 = Release|Any CPU
		{D50B8D31-1DC8-4779-9AAA-7A773F345E9A}.Debug|Any CPU.ActiveCfg = Debug|Any CPU
		{D50B8D31-1DC8-4779-9AAA-7A773F345E9A}.Debug|Any CPU.Build.0 = Debug|Any CPU
		{D50B8D31-1DC8-4779-9AAA-7A773F345E9A}.Release|Any CPU.ActiveCfg = Release|Any CPU
		{D50B8D31-1DC8-4779-9AAA-7A773F345E9A}.Release|Any CPU.Build.0 = Release|Any CPU
		{E40E04F1-95D6-448E-827E-F725FA52957D}.Debug|Any CPU.ActiveCfg = Debug|Any CPU
		{E40E04F1-95D6-448E-827E-F725FA52957D}.Debug|Any CPU.Build.0 = Debug|Any CPU
		{E40E04F1-95D6-448E-827E-F725FA52957D}.Release|Any CPU.ActiveCfg = Release|Any CPU
		{E40E04F1-95D6-448E-827E-F725FA52957D}.Release|Any CPU.Build.0 = Release|Any CPU
		{B861769A-32B3-4644-B182-5827643F79AE}.Debug|Any CPU.ActiveCfg = Debug|Any CPU
		{B861769A-32B3-4644-B182-5827643F79AE}.Debug|Any CPU.Build.0 = Debug|Any CPU
		{B861769A-32B3-4644-B182-5827643F79AE}.Release|Any CPU.ActiveCfg = Release|Any CPU
		{B861769A-32B3-4644-B182-5827643F79AE}.Release|Any CPU.Build.0 = Release|Any CPU
		{C261FA0F-D18A-4CBD-BC5D-480784A91A03}.Debug|Any CPU.ActiveCfg = Debug|Any CPU
		{C261FA0F-D18A-4CBD-BC5D-480784A91A03}.Debug|Any CPU.Build.0 = Debug|Any CPU
		{C261FA0F-D18A-4CBD-BC5D-480784A91A03}.Release|Any CPU.ActiveCfg = Release|Any CPU
		{C261FA0F-D18A-4CBD-BC5D-480784A91A03}.Release|Any CPU.Build.0 = Release|Any CPU
		{966FD04C-F2BE-41C3-B2DE-CA98B5A76D5E}.Debug|Any CPU.ActiveCfg = Debug|Any CPU
		{966FD04C-F2BE-41C3-B2DE-CA98B5A76D5E}.Debug|Any CPU.Build.0 = Debug|Any CPU
		{966FD04C-F2BE-41C3-B2DE-CA98B5A76D5E}.Release|Any CPU.ActiveCfg = Release|Any CPU
		{966FD04C-F2BE-41C3-B2DE-CA98B5A76D5E}.Release|Any CPU.Build.0 = Release|Any CPU
		{AD61E0E7-4251-4078-BEC6-784AB15A1F13}.Debug|Any CPU.ActiveCfg = Debug|Any CPU
		{AD61E0E7-4251-4078-BEC6-784AB15A1F13}.Debug|Any CPU.Build.0 = Debug|Any CPU
		{AD61E0E7-4251-4078-BEC6-784AB15A1F13}.Release|Any CPU.ActiveCfg = Release|Any CPU
		{AD61E0E7-4251-4078-BEC6-784AB15A1F13}.Release|Any CPU.Build.0 = Release|Any CPU
		{DB8EA059-4E53-4924-8206-6FA7D6BBADDA}.Debug|Any CPU.ActiveCfg = Debug|Any CPU
		{DB8EA059-4E53-4924-8206-6FA7D6BBADDA}.Debug|Any CPU.Build.0 = Debug|Any CPU
		{DB8EA059-4E53-4924-8206-6FA7D6BBADDA}.Release|Any CPU.ActiveCfg = Release|Any CPU
		{DB8EA059-4E53-4924-8206-6FA7D6BBADDA}.Release|Any CPU.Build.0 = Release|Any CPU
		{E11E932E-B0FB-48DD-9FDE-2D487BDE21E0}.Debug|Any CPU.ActiveCfg = Debug|Any CPU
		{E11E932E-B0FB-48DD-9FDE-2D487BDE21E0}.Debug|Any CPU.Build.0 = Debug|Any CPU
		{E11E932E-B0FB-48DD-9FDE-2D487BDE21E0}.Release|Any CPU.ActiveCfg = Release|Any CPU
		{E11E932E-B0FB-48DD-9FDE-2D487BDE21E0}.Release|Any CPU.Build.0 = Release|Any CPU
		{DC699A4E-E31D-4F55-B936-CCF5D894DC5A}.Debug|Any CPU.ActiveCfg = Debug|Any CPU
		{DC699A4E-E31D-4F55-B936-CCF5D894DC5A}.Debug|Any CPU.Build.0 = Debug|Any CPU
		{DC699A4E-E31D-4F55-B936-CCF5D894DC5A}.Release|Any CPU.ActiveCfg = Release|Any CPU
		{DC699A4E-E31D-4F55-B936-CCF5D894DC5A}.Release|Any CPU.Build.0 = Release|Any CPU
		{775BC113-DB33-4A27-B372-3F3D237B41B5}.Debug|Any CPU.ActiveCfg = Debug|Any CPU
		{775BC113-DB33-4A27-B372-3F3D237B41B5}.Debug|Any CPU.Build.0 = Debug|Any CPU
		{775BC113-DB33-4A27-B372-3F3D237B41B5}.Release|Any CPU.ActiveCfg = Release|Any CPU
		{775BC113-DB33-4A27-B372-3F3D237B41B5}.Release|Any CPU.Build.0 = Release|Any CPU
		{47AF5578-80EF-4DB3-944F-9B95BEDD082A}.Debug|Any CPU.ActiveCfg = Debug|Any CPU
		{47AF5578-80EF-4DB3-944F-9B95BEDD082A}.Debug|Any CPU.Build.0 = Debug|Any CPU
		{47AF5578-80EF-4DB3-944F-9B95BEDD082A}.Release|Any CPU.ActiveCfg = Release|Any CPU
		{47AF5578-80EF-4DB3-944F-9B95BEDD082A}.Release|Any CPU.Build.0 = Release|Any CPU
		{2FE03B8C-1589-4F34-8DC1-B2055A45FCF0}.Debug|Any CPU.ActiveCfg = Debug|Any CPU
		{2FE03B8C-1589-4F34-8DC1-B2055A45FCF0}.Debug|Any CPU.Build.0 = Debug|Any CPU
		{2FE03B8C-1589-4F34-8DC1-B2055A45FCF0}.Release|Any CPU.ActiveCfg = Release|Any CPU
		{2FE03B8C-1589-4F34-8DC1-B2055A45FCF0}.Release|Any CPU.Build.0 = Release|Any CPU
		{5DEDDA0D-8F51-4942-9016-CD46C725F957}.Debug|Any CPU.ActiveCfg = Debug|Any CPU
		{5DEDDA0D-8F51-4942-9016-CD46C725F957}.Debug|Any CPU.Build.0 = Debug|Any CPU
		{5DEDDA0D-8F51-4942-9016-CD46C725F957}.Release|Any CPU.ActiveCfg = Release|Any CPU
		{5DEDDA0D-8F51-4942-9016-CD46C725F957}.Release|Any CPU.Build.0 = Release|Any CPU
		{02A5A63A-B72F-4D61-A19F-9301232FA006}.Debug|Any CPU.ActiveCfg = Debug|Any CPU
		{02A5A63A-B72F-4D61-A19F-9301232FA006}.Debug|Any CPU.Build.0 = Debug|Any CPU
		{02A5A63A-B72F-4D61-A19F-9301232FA006}.Release|Any CPU.ActiveCfg = Release|Any CPU
		{02A5A63A-B72F-4D61-A19F-9301232FA006}.Release|Any CPU.Build.0 = Release|Any CPU
		{44830639-2BD8-4B66-B67A-829C6C6C737F}.Debug|Any CPU.ActiveCfg = Debug|Any CPU
		{44830639-2BD8-4B66-B67A-829C6C6C737F}.Debug|Any CPU.Build.0 = Debug|Any CPU
		{44830639-2BD8-4B66-B67A-829C6C6C737F}.Release|Any CPU.ActiveCfg = Release|Any CPU
		{44830639-2BD8-4B66-B67A-829C6C6C737F}.Release|Any CPU.Build.0 = Release|Any CPU
		{CC0C890C-D039-4A53-937D-9AD594E55152}.Debug|Any CPU.ActiveCfg = Debug|Any CPU
		{CC0C890C-D039-4A53-937D-9AD594E55152}.Debug|Any CPU.Build.0 = Debug|Any CPU
		{CC0C890C-D039-4A53-937D-9AD594E55152}.Release|Any CPU.ActiveCfg = Release|Any CPU
		{CC0C890C-D039-4A53-937D-9AD594E55152}.Release|Any CPU.Build.0 = Release|Any CPU
		{82FAB00D-7042-44BA-93F8-64598385CF65}.Debug|Any CPU.ActiveCfg = Debug|Any CPU
		{82FAB00D-7042-44BA-93F8-64598385CF65}.Debug|Any CPU.Build.0 = Debug|Any CPU
		{82FAB00D-7042-44BA-93F8-64598385CF65}.Release|Any CPU.ActiveCfg = Release|Any CPU
		{82FAB00D-7042-44BA-93F8-64598385CF65}.Release|Any CPU.Build.0 = Release|Any CPU
		{D1362FB8-4F63-4D05-8304-1BF0EB41801D}.Debug|Any CPU.ActiveCfg = Debug|Any CPU
		{D1362FB8-4F63-4D05-8304-1BF0EB41801D}.Debug|Any CPU.Build.0 = Debug|Any CPU
		{D1362FB8-4F63-4D05-8304-1BF0EB41801D}.Release|Any CPU.ActiveCfg = Release|Any CPU
		{D1362FB8-4F63-4D05-8304-1BF0EB41801D}.Release|Any CPU.Build.0 = Release|Any CPU
		{81F6C5D2-B36A-44F8-8B84-FB2867705F32}.Debug|Any CPU.ActiveCfg = Debug|Any CPU
		{81F6C5D2-B36A-44F8-8B84-FB2867705F32}.Debug|Any CPU.Build.0 = Debug|Any CPU
		{81F6C5D2-B36A-44F8-8B84-FB2867705F32}.Release|Any CPU.ActiveCfg = Release|Any CPU
		{81F6C5D2-B36A-44F8-8B84-FB2867705F32}.Release|Any CPU.Build.0 = Release|Any CPU
		{73453D5F-FF97-41BD-B0CF-3FACFE852C62}.Debug|Any CPU.ActiveCfg = Debug|Any CPU
		{73453D5F-FF97-41BD-B0CF-3FACFE852C62}.Debug|Any CPU.Build.0 = Debug|Any CPU
		{73453D5F-FF97-41BD-B0CF-3FACFE852C62}.Release|Any CPU.ActiveCfg = Release|Any CPU
		{73453D5F-FF97-41BD-B0CF-3FACFE852C62}.Release|Any CPU.Build.0 = Release|Any CPU
		{B0DD4A03-384A-450E-AF41-880497DFEAF8}.Debug|Any CPU.ActiveCfg = Debug|Any CPU
		{B0DD4A03-384A-450E-AF41-880497DFEAF8}.Debug|Any CPU.Build.0 = Debug|Any CPU
		{B0DD4A03-384A-450E-AF41-880497DFEAF8}.Release|Any CPU.ActiveCfg = Release|Any CPU
		{B0DD4A03-384A-450E-AF41-880497DFEAF8}.Release|Any CPU.Build.0 = Release|Any CPU
		{CC7EF199-C28D-4909-BB7D-2DF84F8DA173}.Debug|Any CPU.ActiveCfg = Debug|Any CPU
		{CC7EF199-C28D-4909-BB7D-2DF84F8DA173}.Debug|Any CPU.Build.0 = Debug|Any CPU
		{CC7EF199-C28D-4909-BB7D-2DF84F8DA173}.Release|Any CPU.ActiveCfg = Release|Any CPU
		{CC7EF199-C28D-4909-BB7D-2DF84F8DA173}.Release|Any CPU.Build.0 = Release|Any CPU
		{BFE44E87-91C7-4DFF-84F5-2541AD71C07F}.Debug|Any CPU.ActiveCfg = Debug|Any CPU
		{BFE44E87-91C7-4DFF-84F5-2541AD71C07F}.Debug|Any CPU.Build.0 = Debug|Any CPU
		{BFE44E87-91C7-4DFF-84F5-2541AD71C07F}.Release|Any CPU.ActiveCfg = Release|Any CPU
		{BFE44E87-91C7-4DFF-84F5-2541AD71C07F}.Release|Any CPU.Build.0 = Release|Any CPU
		{F82483B6-B789-4570-B352-7C91CFEE5EA4}.Debug|Any CPU.ActiveCfg = Debug|Any CPU
		{F82483B6-B789-4570-B352-7C91CFEE5EA4}.Debug|Any CPU.Build.0 = Debug|Any CPU
		{F82483B6-B789-4570-B352-7C91CFEE5EA4}.Release|Any CPU.ActiveCfg = Release|Any CPU
		{F82483B6-B789-4570-B352-7C91CFEE5EA4}.Release|Any CPU.Build.0 = Release|Any CPU
		{E048C72D-793E-49AA-AAEE-6CA20C6283D3}.Debug|Any CPU.ActiveCfg = Debug|Any CPU
		{E048C72D-793E-49AA-AAEE-6CA20C6283D3}.Debug|Any CPU.Build.0 = Debug|Any CPU
		{E048C72D-793E-49AA-AAEE-6CA20C6283D3}.Release|Any CPU.ActiveCfg = Release|Any CPU
		{E048C72D-793E-49AA-AAEE-6CA20C6283D3}.Release|Any CPU.Build.0 = Release|Any CPU
		{1DDAD3CF-F9D9-4977-BEAC-804DAB94AB48}.Debug|Any CPU.ActiveCfg = Debug|Any CPU
		{1DDAD3CF-F9D9-4977-BEAC-804DAB94AB48}.Debug|Any CPU.Build.0 = Debug|Any CPU
		{1DDAD3CF-F9D9-4977-BEAC-804DAB94AB48}.Release|Any CPU.ActiveCfg = Release|Any CPU
		{1DDAD3CF-F9D9-4977-BEAC-804DAB94AB48}.Release|Any CPU.Build.0 = Release|Any CPU
		{3FBDA7E7-C1D7-4E9E-A046-6ADB94AFD607}.Debug|Any CPU.ActiveCfg = Debug|Any CPU
		{3FBDA7E7-C1D7-4E9E-A046-6ADB94AFD607}.Debug|Any CPU.Build.0 = Debug|Any CPU
		{3FBDA7E7-C1D7-4E9E-A046-6ADB94AFD607}.Release|Any CPU.ActiveCfg = Release|Any CPU
		{3FBDA7E7-C1D7-4E9E-A046-6ADB94AFD607}.Release|Any CPU.Build.0 = Release|Any CPU
		{3D0A0F2F-0DED-4F6D-8555-98E5A6E2845A}.Debug|Any CPU.ActiveCfg = Debug|Any CPU
		{3D0A0F2F-0DED-4F6D-8555-98E5A6E2845A}.Debug|Any CPU.Build.0 = Debug|Any CPU
		{3D0A0F2F-0DED-4F6D-8555-98E5A6E2845A}.Release|Any CPU.ActiveCfg = Release|Any CPU
		{3D0A0F2F-0DED-4F6D-8555-98E5A6E2845A}.Release|Any CPU.Build.0 = Release|Any CPU
		{D0DD804C-B453-4FFC-97BE-7D6340DDCAA8}.Debug|Any CPU.ActiveCfg = Debug|Any CPU
		{D0DD804C-B453-4FFC-97BE-7D6340DDCAA8}.Debug|Any CPU.Build.0 = Debug|Any CPU
		{D0DD804C-B453-4FFC-97BE-7D6340DDCAA8}.Release|Any CPU.ActiveCfg = Release|Any CPU
		{D0DD804C-B453-4FFC-97BE-7D6340DDCAA8}.Release|Any CPU.Build.0 = Release|Any CPU
		{EE5F06D4-2047-46E7-A96A-1E03D230EDAA}.Debug|Any CPU.ActiveCfg = Debug|Any CPU
		{EE5F06D4-2047-46E7-A96A-1E03D230EDAA}.Debug|Any CPU.Build.0 = Debug|Any CPU
		{EE5F06D4-2047-46E7-A96A-1E03D230EDAA}.Release|Any CPU.ActiveCfg = Release|Any CPU
		{EE5F06D4-2047-46E7-A96A-1E03D230EDAA}.Release|Any CPU.Build.0 = Release|Any CPU
		{BB49CEA9-AC93-4B29-9CE7-4EC98B08B61A}.Debug|Any CPU.ActiveCfg = Debug|Any CPU
		{BB49CEA9-AC93-4B29-9CE7-4EC98B08B61A}.Debug|Any CPU.Build.0 = Debug|Any CPU
		{BB49CEA9-AC93-4B29-9CE7-4EC98B08B61A}.Release|Any CPU.ActiveCfg = Release|Any CPU
		{BB49CEA9-AC93-4B29-9CE7-4EC98B08B61A}.Release|Any CPU.Build.0 = Release|Any CPU
		{4CAB65ED-2D2E-47B3-9765-54C040FB1BC3}.Debug|Any CPU.ActiveCfg = Debug|Any CPU
		{4CAB65ED-2D2E-47B3-9765-54C040FB1BC3}.Debug|Any CPU.Build.0 = Debug|Any CPU
		{4CAB65ED-2D2E-47B3-9765-54C040FB1BC3}.Release|Any CPU.ActiveCfg = Release|Any CPU
		{4CAB65ED-2D2E-47B3-9765-54C040FB1BC3}.Release|Any CPU.Build.0 = Release|Any CPU
		{E4AEB97B-ADEF-4B05-91D1-EF6AC50F24C3}.Debug|Any CPU.ActiveCfg = Debug|Any CPU
		{E4AEB97B-ADEF-4B05-91D1-EF6AC50F24C3}.Debug|Any CPU.Build.0 = Debug|Any CPU
		{E4AEB97B-ADEF-4B05-91D1-EF6AC50F24C3}.Release|Any CPU.ActiveCfg = Release|Any CPU
		{E4AEB97B-ADEF-4B05-91D1-EF6AC50F24C3}.Release|Any CPU.Build.0 = Release|Any CPU
		{627696C2-B933-42F8-A03E-C6CDA78D867B}.Debug|Any CPU.ActiveCfg = Debug|Any CPU
		{627696C2-B933-42F8-A03E-C6CDA78D867B}.Debug|Any CPU.Build.0 = Debug|Any CPU
		{627696C2-B933-42F8-A03E-C6CDA78D867B}.Release|Any CPU.ActiveCfg = Release|Any CPU
		{627696C2-B933-42F8-A03E-C6CDA78D867B}.Release|Any CPU.Build.0 = Release|Any CPU
		{E87F59A7-A98E-411E-B5E7-FE616F938727}.Debug|Any CPU.ActiveCfg = Debug|Any CPU
		{E87F59A7-A98E-411E-B5E7-FE616F938727}.Debug|Any CPU.Build.0 = Debug|Any CPU
		{E87F59A7-A98E-411E-B5E7-FE616F938727}.Release|Any CPU.ActiveCfg = Release|Any CPU
		{E87F59A7-A98E-411E-B5E7-FE616F938727}.Release|Any CPU.Build.0 = Release|Any CPU
		{BAF329E6-52BA-4198-8868-D3E1BA4FA8C3}.Debug|Any CPU.ActiveCfg = Debug|Any CPU
		{BAF329E6-52BA-4198-8868-D3E1BA4FA8C3}.Debug|Any CPU.Build.0 = Debug|Any CPU
		{BAF329E6-52BA-4198-8868-D3E1BA4FA8C3}.Release|Any CPU.ActiveCfg = Release|Any CPU
		{BAF329E6-52BA-4198-8868-D3E1BA4FA8C3}.Release|Any CPU.Build.0 = Release|Any CPU
		{5FB5E4FE-3BF7-405F-A0FE-3786688EF867}.Debug|Any CPU.ActiveCfg = Debug|Any CPU
		{5FB5E4FE-3BF7-405F-A0FE-3786688EF867}.Debug|Any CPU.Build.0 = Debug|Any CPU
		{5FB5E4FE-3BF7-405F-A0FE-3786688EF867}.Release|Any CPU.ActiveCfg = Release|Any CPU
		{5FB5E4FE-3BF7-405F-A0FE-3786688EF867}.Release|Any CPU.Build.0 = Release|Any CPU
		{9AA8D9A2-1EA5-4516-AB83-046690082A19}.Debug|Any CPU.ActiveCfg = Debug|Any CPU
		{9AA8D9A2-1EA5-4516-AB83-046690082A19}.Debug|Any CPU.Build.0 = Debug|Any CPU
		{9AA8D9A2-1EA5-4516-AB83-046690082A19}.Release|Any CPU.ActiveCfg = Release|Any CPU
		{9AA8D9A2-1EA5-4516-AB83-046690082A19}.Release|Any CPU.Build.0 = Release|Any CPU
		{883D78FC-088C-4826-A7CA-12E96FE14B27}.Debug|Any CPU.ActiveCfg = Debug|Any CPU
		{883D78FC-088C-4826-A7CA-12E96FE14B27}.Debug|Any CPU.Build.0 = Debug|Any CPU
		{883D78FC-088C-4826-A7CA-12E96FE14B27}.Release|Any CPU.ActiveCfg = Release|Any CPU
		{883D78FC-088C-4826-A7CA-12E96FE14B27}.Release|Any CPU.Build.0 = Release|Any CPU
		{2127AA0C-CCA7-4601-857F-218A445D2C59}.Debug|Any CPU.ActiveCfg = Debug|Any CPU
		{2127AA0C-CCA7-4601-857F-218A445D2C59}.Debug|Any CPU.Build.0 = Debug|Any CPU
		{2127AA0C-CCA7-4601-857F-218A445D2C59}.Release|Any CPU.ActiveCfg = Release|Any CPU
		{2127AA0C-CCA7-4601-857F-218A445D2C59}.Release|Any CPU.Build.0 = Release|Any CPU
		{68E8CB75-C75F-4138-9956-6C0D61D5187E}.Debug|Any CPU.ActiveCfg = Debug|Any CPU
		{68E8CB75-C75F-4138-9956-6C0D61D5187E}.Debug|Any CPU.Build.0 = Debug|Any CPU
		{68E8CB75-C75F-4138-9956-6C0D61D5187E}.Release|Any CPU.ActiveCfg = Release|Any CPU
		{68E8CB75-C75F-4138-9956-6C0D61D5187E}.Release|Any CPU.Build.0 = Release|Any CPU
		{578A90F4-4733-4F6E-9F61-D9CD175531B2}.Debug|Any CPU.ActiveCfg = Debug|Any CPU
		{578A90F4-4733-4F6E-9F61-D9CD175531B2}.Debug|Any CPU.Build.0 = Debug|Any CPU
		{578A90F4-4733-4F6E-9F61-D9CD175531B2}.Release|Any CPU.ActiveCfg = Release|Any CPU
		{578A90F4-4733-4F6E-9F61-D9CD175531B2}.Release|Any CPU.Build.0 = Release|Any CPU
		{FD3408D8-D80E-4590-A814-05F16EF73F69}.Debug|Any CPU.ActiveCfg = Debug|Any CPU
		{FD3408D8-D80E-4590-A814-05F16EF73F69}.Debug|Any CPU.Build.0 = Debug|Any CPU
		{FD3408D8-D80E-4590-A814-05F16EF73F69}.Release|Any CPU.ActiveCfg = Release|Any CPU
		{FD3408D8-D80E-4590-A814-05F16EF73F69}.Release|Any CPU.Build.0 = Release|Any CPU
		{6BFF35A0-D752-45F3-A4D6-83AB4E08043D}.Debug|Any CPU.ActiveCfg = Debug|Any CPU
		{6BFF35A0-D752-45F3-A4D6-83AB4E08043D}.Debug|Any CPU.Build.0 = Debug|Any CPU
		{6BFF35A0-D752-45F3-A4D6-83AB4E08043D}.Release|Any CPU.ActiveCfg = Release|Any CPU
		{6BFF35A0-D752-45F3-A4D6-83AB4E08043D}.Release|Any CPU.Build.0 = Release|Any CPU
		{E7D40A91-4A44-4D59-BCD1-F79BFB010B27}.Debug|Any CPU.ActiveCfg = Debug|Any CPU
		{E7D40A91-4A44-4D59-BCD1-F79BFB010B27}.Debug|Any CPU.Build.0 = Debug|Any CPU
		{E7D40A91-4A44-4D59-BCD1-F79BFB010B27}.Release|Any CPU.ActiveCfg = Release|Any CPU
		{E7D40A91-4A44-4D59-BCD1-F79BFB010B27}.Release|Any CPU.Build.0 = Release|Any CPU
	EndGlobalSection
	GlobalSection(SolutionProperties) = preSolution
		HideSolutionNode = FALSE
	EndGlobalSection
	GlobalSection(ExtensibilityGlobals) = postSolution
		SolutionGuid = {222f900c-0025-4dbd-9a0f-350da114b214}
	EndGlobalSection
EndGlobal
